
Microsoft Visual Studio Solution File, Format Version 12.00
# Visual Studio Version 17
VisualStudioVersion = 17.1.32414.318
MinimumVisualStudioVersion = 10.0.40219.1
Project("{FAE04EC0-301F-11D3-BF4B-00C04F79EFBC}") = "WpfApp6", "WpfApp6\WpfApp6.csproj", "{26DAFE96-ADCB-4050-92D0-D19DBCDB0DCC}"
EndProject
Global
	GlobalSection(SolutionConfigurationPlatforms) = preSolution
		Debug|Any CPU = Debug|Any CPU
		Release|Any CPU = Release|Any CPU
	EndGlobalSection
	GlobalSection(ProjectConfigurationPlatforms) = postSolution
		{26DAFE96-ADCB-4050-92D0-D19DBCDB0DCC}.Debug|Any CPU.ActiveCfg = Debug|Any CPU
		{26DAFE96-ADCB-4050-92D0-D19DBCDB0DCC}.Debug|Any CPU.Build.0 = Debug|Any CPU
		{26DAFE96-ADCB-4050-92D0-D19DBCDB0DCC}.Release|Any CPU.ActiveCfg = Release|Any CPU
		{26DAFE96-ADCB-4050-92D0-D19DBCDB0DCC}.Release|Any CPU.Build.0 = Release|Any CPU
	EndGlobalSection
	GlobalSection(SolutionProperties) = preSolution
		HideSolutionNode = FALSE
	EndGlobalSection
	GlobalSection(ExtensibilityGlobals) = postSolution
		SolutionGuid = {EA50618A-138C-41C5-B1B8-3BED8765181A}
	EndGlobalSection
EndGlobal
